// !$*UTF8*$!
{
	archiveVersion = 1;
	classes = {
	};
	objectVersion = 48;
	objects = {

/* Begin PBXBuildFile section */
		7265AD58F53A7D4BB97A7367 /* Pods_realmProjectTests.framework in Frameworks */ = {isa = PBXBuildFile; fileRef = B23545A06EAA4D3D11720FA7 /* Pods_realmProjectTests.framework */; };
		A3D58974D033AFF221343451 /* Pods_realmProjectUITests.framework in Frameworks */ = {isa = PBXBuildFile; fileRef = DB60B6AD7D71E2D309C76E68 /* Pods_realmProjectUITests.framework */; };
		A9D524AFCC7E5D6011DBD0DE /* Pods_realmProject.framework in Frameworks */ = {isa = PBXBuildFile; fileRef = 261874EC187C3B634BE384CF /* Pods_realmProject.framework */; };
		AE23BC731FCFE4CE00ECAE43 /* AppDelegate.swift in Sources */ = {isa = PBXBuildFile; fileRef = AE23BC721FCFE4CE00ECAE43 /* AppDelegate.swift */; };
		AE23BC751FCFE4CE00ECAE43 /* ViewController.swift in Sources */ = {isa = PBXBuildFile; fileRef = AE23BC741FCFE4CE00ECAE43 /* ViewController.swift */; };
		AE23BC781FCFE4CE00ECAE43 /* Main.storyboard in Resources */ = {isa = PBXBuildFile; fileRef = AE23BC761FCFE4CE00ECAE43 /* Main.storyboard */; };
		AE23BC7A1FCFE4CE00ECAE43 /* Assets.xcassets in Resources */ = {isa = PBXBuildFile; fileRef = AE23BC791FCFE4CE00ECAE43 /* Assets.xcassets */; };
		AE23BC7D1FCFE4CE00ECAE43 /* LaunchScreen.storyboard in Resources */ = {isa = PBXBuildFile; fileRef = AE23BC7B1FCFE4CE00ECAE43 /* LaunchScreen.storyboard */; };
		AE23BC881FCFE4CF00ECAE43 /* realmProjectTests.swift in Sources */ = {isa = PBXBuildFile; fileRef = AE23BC871FCFE4CF00ECAE43 /* realmProjectTests.swift */; };
		AE23BC931FCFE4CF00ECAE43 /* realmProjectUITests.swift in Sources */ = {isa = PBXBuildFile; fileRef = AE23BC921FCFE4CF00ECAE43 /* realmProjectUITests.swift */; };
		AE745C531FD656A90002A640 /* RealmTableViewCell.swift in Sources */ = {isa = PBXBuildFile; fileRef = AE745C511FD656A90002A640 /* RealmTableViewCell.swift */; };
		AE745C541FD656A90002A640 /* RealmTableViewCell.xib in Resources */ = {isa = PBXBuildFile; fileRef = AE745C521FD656A90002A640 /* RealmTableViewCell.xib */; };
		AE745C561FD658020002A640 /* WriteViewController.swift in Sources */ = {isa = PBXBuildFile; fileRef = AE745C551FD658020002A640 /* WriteViewController.swift */; };
		AEF129D01FCFF061000074A0 /* ObjectFile.swift in Sources */ = {isa = PBXBuildFile; fileRef = AEF129CF1FCFF061000074A0 /* ObjectFile.swift */; };
/* End PBXBuildFile section */

/* Begin PBXContainerItemProxy section */
		AE23BC841FCFE4CF00ECAE43 /* PBXContainerItemProxy */ = {
			isa = PBXContainerItemProxy;
			containerPortal = AE23BC671FCFE4CE00ECAE43 /* Project object */;
			proxyType = 1;
			remoteGlobalIDString = AE23BC6E1FCFE4CE00ECAE43;
			remoteInfo = realmProject;
		};
		AE23BC8F1FCFE4CF00ECAE43 /* PBXContainerItemProxy */ = {
			isa = PBXContainerItemProxy;
			containerPortal = AE23BC671FCFE4CE00ECAE43 /* Project object */;
			proxyType = 1;
			remoteGlobalIDString = AE23BC6E1FCFE4CE00ECAE43;
			remoteInfo = realmProject;
		};
/* End PBXContainerItemProxy section */

/* Begin PBXFileReference section */
		261874EC187C3B634BE384CF /* Pods_realmProject.framework */ = {isa = PBXFileReference; explicitFileType = wrapper.framework; includeInIndex = 0; path = Pods_realmProject.framework; sourceTree = BUILT_PRODUCTS_DIR; };
		33CDBEA2C3C117C0047227EB /* Pods-realmProjectUITests.release.xcconfig */ = {isa = PBXFileReference; includeInIndex = 1; lastKnownFileType = text.xcconfig; name = "Pods-realmProjectUITests.release.xcconfig"; path = "Pods/Target Support Files/Pods-realmProjectUITests/Pods-realmProjectUITests.release.xcconfig"; sourceTree = "<group>"; };
		5C27AFEDEE4855841F1380E3 /* Pods-realmProject.debug.xcconfig */ = {isa = PBXFileReference; includeInIndex = 1; lastKnownFileType = text.xcconfig; name = "Pods-realmProject.debug.xcconfig"; path = "Pods/Target Support Files/Pods-realmProject/Pods-realmProject.debug.xcconfig"; sourceTree = "<group>"; };
		8C5391292876B33E6F80E69C /* Pods-realmProjectTests.release.xcconfig */ = {isa = PBXFileReference; includeInIndex = 1; lastKnownFileType = text.xcconfig; name = "Pods-realmProjectTests.release.xcconfig"; path = "Pods/Target Support Files/Pods-realmProjectTests/Pods-realmProjectTests.release.xcconfig"; sourceTree = "<group>"; };
		8F97AA4145894460F84A5452 /* Pods-realmProjectTests.debug.xcconfig */ = {isa = PBXFileReference; includeInIndex = 1; lastKnownFileType = text.xcconfig; name = "Pods-realmProjectTests.debug.xcconfig"; path = "Pods/Target Support Files/Pods-realmProjectTests/Pods-realmProjectTests.debug.xcconfig"; sourceTree = "<group>"; };
		A42AFABB1B9CC6F6DECC403C /* Pods-realmProjectUITests.debug.xcconfig */ = {isa = PBXFileReference; includeInIndex = 1; lastKnownFileType = text.xcconfig; name = "Pods-realmProjectUITests.debug.xcconfig"; path = "Pods/Target Support Files/Pods-realmProjectUITests/Pods-realmProjectUITests.debug.xcconfig"; sourceTree = "<group>"; };
		AE23BC6F1FCFE4CE00ECAE43 /* realmProject.app */ = {isa = PBXFileReference; explicitFileType = wrapper.application; includeInIndex = 0; path = realmProject.app; sourceTree = BUILT_PRODUCTS_DIR; };
		AE23BC721FCFE4CE00ECAE43 /* AppDelegate.swift */ = {isa = PBXFileReference; lastKnownFileType = sourcecode.swift; path = AppDelegate.swift; sourceTree = "<group>"; };
		AE23BC741FCFE4CE00ECAE43 /* ViewController.swift */ = {isa = PBXFileReference; lastKnownFileType = sourcecode.swift; path = ViewController.swift; sourceTree = "<group>"; };
		AE23BC771FCFE4CE00ECAE43 /* Base */ = {isa = PBXFileReference; lastKnownFileType = file.storyboard; name = Base; path = Base.lproj/Main.storyboard; sourceTree = "<group>"; };
		AE23BC791FCFE4CE00ECAE43 /* Assets.xcassets */ = {isa = PBXFileReference; lastKnownFileType = folder.assetcatalog; path = Assets.xcassets; sourceTree = "<group>"; };
		AE23BC7C1FCFE4CE00ECAE43 /* Base */ = {isa = PBXFileReference; lastKnownFileType = file.storyboard; name = Base; path = Base.lproj/LaunchScreen.storyboard; sourceTree = "<group>"; };
		AE23BC7E1FCFE4CE00ECAE43 /* Info.plist */ = {isa = PBXFileReference; lastKnownFileType = text.plist.xml; path = Info.plist; sourceTree = "<group>"; };
		AE23BC831FCFE4CF00ECAE43 /* realmProjectTests.xctest */ = {isa = PBXFileReference; explicitFileType = wrapper.cfbundle; includeInIndex = 0; path = realmProjectTests.xctest; sourceTree = BUILT_PRODUCTS_DIR; };
		AE23BC871FCFE4CF00ECAE43 /* realmProjectTests.swift */ = {isa = PBXFileReference; lastKnownFileType = sourcecode.swift; path = realmProjectTests.swift; sourceTree = "<group>"; };
		AE23BC891FCFE4CF00ECAE43 /* Info.plist */ = {isa = PBXFileReference; lastKnownFileType = text.plist.xml; path = Info.plist; sourceTree = "<group>"; };
		AE23BC8E1FCFE4CF00ECAE43 /* realmProjectUITests.xctest */ = {isa = PBXFileReference; explicitFileType = wrapper.cfbundle; includeInIndex = 0; path = realmProjectUITests.xctest; sourceTree = BUILT_PRODUCTS_DIR; };
		AE23BC921FCFE4CF00ECAE43 /* realmProjectUITests.swift */ = {isa = PBXFileReference; lastKnownFileType = sourcecode.swift; path = realmProjectUITests.swift; sourceTree = "<group>"; };
		AE23BC941FCFE4CF00ECAE43 /* Info.plist */ = {isa = PBXFileReference; lastKnownFileType = text.plist.xml; path = Info.plist; sourceTree = "<group>"; };
		AE745C511FD656A90002A640 /* RealmTableViewCell.swift */ = {isa = PBXFileReference; lastKnownFileType = sourcecode.swift; path = RealmTableViewCell.swift; sourceTree = "<group>"; };
		AE745C521FD656A90002A640 /* RealmTableViewCell.xib */ = {isa = PBXFileReference; lastKnownFileType = file.xib; path = RealmTableViewCell.xib; sourceTree = "<group>"; };
		AE745C551FD658020002A640 /* WriteViewController.swift */ = {isa = PBXFileReference; lastKnownFileType = sourcecode.swift; path = WriteViewController.swift; sourceTree = "<group>"; };
		AEF129CF1FCFF061000074A0 /* ObjectFile.swift */ = {isa = PBXFileReference; lastKnownFileType = sourcecode.swift; path = ObjectFile.swift; sourceTree = "<group>"; };
		B10FF2048CC16D2AB797FDF5 /* Pods-realmProject.release.xcconfig */ = {isa = PBXFileReference; includeInIndex = 1; lastKnownFileType = text.xcconfig; name = "Pods-realmProject.release.xcconfig"; path = "Pods/Target Support Files/Pods-realmProject/Pods-realmProject.release.xcconfig"; sourceTree = "<group>"; };
		B23545A06EAA4D3D11720FA7 /* Pods_realmProjectTests.framework */ = {isa = PBXFileReference; explicitFileType = wrapper.framework; includeInIndex = 0; path = Pods_realmProjectTests.framework; sourceTree = BUILT_PRODUCTS_DIR; };
		DB60B6AD7D71E2D309C76E68 /* Pods_realmProjectUITests.framework */ = {isa = PBXFileReference; explicitFileType = wrapper.framework; includeInIndex = 0; path = Pods_realmProjectUITests.framework; sourceTree = BUILT_PRODUCTS_DIR; };
/* End PBXFileReference section */

/* Begin PBXFrameworksBuildPhase section */
		AE23BC6C1FCFE4CE00ECAE43 /* Frameworks */ = {
			isa = PBXFrameworksBuildPhase;
			buildActionMask = 2147483647;
			files = (
				A9D524AFCC7E5D6011DBD0DE /* Pods_realmProject.framework in Frameworks */,
			);
			runOnlyForDeploymentPostprocessing = 0;
		};
		AE23BC801FCFE4CF00ECAE43 /* Frameworks */ = {
			isa = PBXFrameworksBuildPhase;
			buildActionMask = 2147483647;
			files = (
				7265AD58F53A7D4BB97A7367 /* Pods_realmProjectTests.framework in Frameworks */,
			);
			runOnlyForDeploymentPostprocessing = 0;
		};
		AE23BC8B1FCFE4CF00ECAE43 /* Frameworks */ = {
			isa = PBXFrameworksBuildPhase;
			buildActionMask = 2147483647;
			files = (
				A3D58974D033AFF221343451 /* Pods_realmProjectUITests.framework in Frameworks */,
			);
			runOnlyForDeploymentPostprocessing = 0;
		};
/* End PBXFrameworksBuildPhase section */

/* Begin PBXGroup section */
		AC4911E8D2EA32AE5B8A747B /* Pods */ = {
			isa = PBXGroup;
			children = (
				5C27AFEDEE4855841F1380E3 /* Pods-realmProject.debug.xcconfig */,
				B10FF2048CC16D2AB797FDF5 /* Pods-realmProject.release.xcconfig */,
				8F97AA4145894460F84A5452 /* Pods-realmProjectTests.debug.xcconfig */,
				8C5391292876B33E6F80E69C /* Pods-realmProjectTests.release.xcconfig */,
				A42AFABB1B9CC6F6DECC403C /* Pods-realmProjectUITests.debug.xcconfig */,
				33CDBEA2C3C117C0047227EB /* Pods-realmProjectUITests.release.xcconfig */,
			);
			name = Pods;
			sourceTree = "<group>";
		};
		AE23BC661FCFE4CE00ECAE43 = {
			isa = PBXGroup;
			children = (
				AE23BC711FCFE4CE00ECAE43 /* realmProject */,
				AE23BC861FCFE4CF00ECAE43 /* realmProjectTests */,
				AE23BC911FCFE4CF00ECAE43 /* realmProjectUITests */,
				AE23BC701FCFE4CE00ECAE43 /* Products */,
				AC4911E8D2EA32AE5B8A747B /* Pods */,
				B7D5DAB393477D637EA1FF15 /* Frameworks */,
			);
			sourceTree = "<group>";
		};
		AE23BC701FCFE4CE00ECAE43 /* Products */ = {
			isa = PBXGroup;
			children = (
				AE23BC6F1FCFE4CE00ECAE43 /* realmProject.app */,
				AE23BC831FCFE4CF00ECAE43 /* realmProjectTests.xctest */,
				AE23BC8E1FCFE4CF00ECAE43 /* realmProjectUITests.xctest */,
			);
			name = Products;
			sourceTree = "<group>";
		};
		AE23BC711FCFE4CE00ECAE43 /* realmProject */ = {
			isa = PBXGroup;
			children = (
				AE23BC721FCFE4CE00ECAE43 /* AppDelegate.swift */,
				AE23BC741FCFE4CE00ECAE43 /* ViewController.swift */,
				AE745C551FD658020002A640 /* WriteViewController.swift */,
				AE745C511FD656A90002A640 /* RealmTableViewCell.swift */,
				AE745C521FD656A90002A640 /* RealmTableViewCell.xib */,
				AEF129CF1FCFF061000074A0 /* ObjectFile.swift */,
				AE23BC761FCFE4CE00ECAE43 /* Main.storyboard */,
				AE23BC791FCFE4CE00ECAE43 /* Assets.xcassets */,
				AE23BC7B1FCFE4CE00ECAE43 /* LaunchScreen.storyboard */,
				AE23BC7E1FCFE4CE00ECAE43 /* Info.plist */,
			);
			path = realmProject;
			sourceTree = "<group>";
		};
		AE23BC861FCFE4CF00ECAE43 /* realmProjectTests */ = {
			isa = PBXGroup;
			children = (
				AE23BC871FCFE4CF00ECAE43 /* realmProjectTests.swift */,
				AE23BC891FCFE4CF00ECAE43 /* Info.plist */,
			);
			path = realmProjectTests;
			sourceTree = "<group>";
		};
		AE23BC911FCFE4CF00ECAE43 /* realmProjectUITests */ = {
			isa = PBXGroup;
			children = (
				AE23BC921FCFE4CF00ECAE43 /* realmProjectUITests.swift */,
				AE23BC941FCFE4CF00ECAE43 /* Info.plist */,
			);
			path = realmProjectUITests;
			sourceTree = "<group>";
		};
		B7D5DAB393477D637EA1FF15 /* Frameworks */ = {
			isa = PBXGroup;
			children = (
				261874EC187C3B634BE384CF /* Pods_realmProject.framework */,
				B23545A06EAA4D3D11720FA7 /* Pods_realmProjectTests.framework */,
				DB60B6AD7D71E2D309C76E68 /* Pods_realmProjectUITests.framework */,
			);
			name = Frameworks;
			sourceTree = "<group>";
		};
/* End PBXGroup section */

/* Begin PBXNativeTarget section */
		AE23BC6E1FCFE4CE00ECAE43 /* realmProject */ = {
			isa = PBXNativeTarget;
			buildConfigurationList = AE23BC971FCFE4CF00ECAE43 /* Build configuration list for PBXNativeTarget "realmProject" */;
			buildPhases = (
				3C60597C170F0DB740BA019C /* [CP] Check Pods Manifest.lock */,
				AE23BC6B1FCFE4CE00ECAE43 /* Sources */,
				AE23BC6C1FCFE4CE00ECAE43 /* Frameworks */,
				AE23BC6D1FCFE4CE00ECAE43 /* Resources */,
				93C94222443CEDD4E2B357DD /* [CP] Embed Pods Frameworks */,
				FD179A05974EB8160578FEA3 /* [CP] Copy Pods Resources */,
			);
			buildRules = (
			);
			dependencies = (
			);
			name = realmProject;
			productName = realmProject;
			productReference = AE23BC6F1FCFE4CE00ECAE43 /* realmProject.app */;
			productType = "com.apple.product-type.application";
		};
		AE23BC821FCFE4CF00ECAE43 /* realmProjectTests */ = {
			isa = PBXNativeTarget;
			buildConfigurationList = AE23BC9A1FCFE4CF00ECAE43 /* Build configuration list for PBXNativeTarget "realmProjectTests" */;
			buildPhases = (
				4E6BB4AB65343181080B95A3 /* [CP] Check Pods Manifest.lock */,
				AE23BC7F1FCFE4CF00ECAE43 /* Sources */,
				AE23BC801FCFE4CF00ECAE43 /* Frameworks */,
				AE23BC811FCFE4CF00ECAE43 /* Resources */,
				B7CF92E86B55EB83571DFD89 /* [CP] Embed Pods Frameworks */,
				395FC43D2F6B6BF8FFB9AAC9 /* [CP] Copy Pods Resources */,
			);
			buildRules = (
			);
			dependencies = (
				AE23BC851FCFE4CF00ECAE43 /* PBXTargetDependency */,
			);
			name = realmProjectTests;
			productName = realmProjectTests;
			productReference = AE23BC831FCFE4CF00ECAE43 /* realmProjectTests.xctest */;
			productType = "com.apple.product-type.bundle.unit-test";
		};
		AE23BC8D1FCFE4CF00ECAE43 /* realmProjectUITests */ = {
			isa = PBXNativeTarget;
			buildConfigurationList = AE23BC9D1FCFE4CF00ECAE43 /* Build configuration list for PBXNativeTarget "realmProjectUITests" */;
			buildPhases = (
				A5A5CD59A9BC7A9B38FB98BB /* [CP] Check Pods Manifest.lock */,
				AE23BC8A1FCFE4CF00ECAE43 /* Sources */,
				AE23BC8B1FCFE4CF00ECAE43 /* Frameworks */,
				AE23BC8C1FCFE4CF00ECAE43 /* Resources */,
				B7EDC7FE54A6A6558C634FFC /* [CP] Embed Pods Frameworks */,
				9F0821F529E3BE9DD01E6720 /* [CP] Copy Pods Resources */,
			);
			buildRules = (
			);
			dependencies = (
				AE23BC901FCFE4CF00ECAE43 /* PBXTargetDependency */,
			);
			name = realmProjectUITests;
			productName = realmProjectUITests;
			productReference = AE23BC8E1FCFE4CF00ECAE43 /* realmProjectUITests.xctest */;
			productType = "com.apple.product-type.bundle.ui-testing";
		};
/* End PBXNativeTarget section */

/* Begin PBXProject section */
		AE23BC671FCFE4CE00ECAE43 /* Project object */ = {
			isa = PBXProject;
			attributes = {
				LastSwiftUpdateCheck = 0910;
				LastUpgradeCheck = 0910;
				ORGANIZATIONNAME = "澤田昂明";
				TargetAttributes = {
					AE23BC6E1FCFE4CE00ECAE43 = {
						CreatedOnToolsVersion = 9.1;
						ProvisioningStyle = Automatic;
					};
					AE23BC821FCFE4CF00ECAE43 = {
						CreatedOnToolsVersion = 9.1;
						ProvisioningStyle = Automatic;
						TestTargetID = AE23BC6E1FCFE4CE00ECAE43;
					};
					AE23BC8D1FCFE4CF00ECAE43 = {
						CreatedOnToolsVersion = 9.1;
						ProvisioningStyle = Automatic;
						TestTargetID = AE23BC6E1FCFE4CE00ECAE43;
					};
				};
			};
			buildConfigurationList = AE23BC6A1FCFE4CE00ECAE43 /* Build configuration list for PBXProject "realmProject" */;
			compatibilityVersion = "Xcode 8.0";
			developmentRegion = en;
			hasScannedForEncodings = 0;
			knownRegions = (
				en,
				Base,
			);
			mainGroup = AE23BC661FCFE4CE00ECAE43;
			productRefGroup = AE23BC701FCFE4CE00ECAE43 /* Products */;
			projectDirPath = "";
			projectRoot = "";
			targets = (
				AE23BC6E1FCFE4CE00ECAE43 /* realmProject */,
				AE23BC821FCFE4CF00ECAE43 /* realmProjectTests */,
				AE23BC8D1FCFE4CF00ECAE43 /* realmProjectUITests */,
			);
		};
/* End PBXProject section */

/* Begin PBXResourcesBuildPhase section */
		AE23BC6D1FCFE4CE00ECAE43 /* Resources */ = {
			isa = PBXResourcesBuildPhase;
			buildActionMask = 2147483647;
			files = (
				AE23BC7D1FCFE4CE00ECAE43 /* LaunchScreen.storyboard in Resources */,
				AE23BC7A1FCFE4CE00ECAE43 /* Assets.xcassets in Resources */,
				AE23BC781FCFE4CE00ECAE43 /* Main.storyboard in Resources */,
				AE745C541FD656A90002A640 /* RealmTableViewCell.xib in Resources */,
			);
			runOnlyForDeploymentPostprocessing = 0;
		};
		AE23BC811FCFE4CF00ECAE43 /* Resources */ = {
			isa = PBXResourcesBuildPhase;
			buildActionMask = 2147483647;
			files = (
			);
			runOnlyForDeploymentPostprocessing = 0;
		};
		AE23BC8C1FCFE4CF00ECAE43 /* Resources */ = {
			isa = PBXResourcesBuildPhase;
			buildActionMask = 2147483647;
			files = (
			);
			runOnlyForDeploymentPostprocessing = 0;
		};
/* End PBXResourcesBuildPhase section */

/* Begin PBXShellScriptBuildPhase section */
		395FC43D2F6B6BF8FFB9AAC9 /* [CP] Copy Pods Resources */ = {
			isa = PBXShellScriptBuildPhase;
			buildActionMask = 2147483647;
			files = (
			);
			inputPaths = (
			);
			name = "[CP] Copy Pods Resources";
			outputPaths = (
			);
			runOnlyForDeploymentPostprocessing = 0;
			shellPath = /bin/sh;
			shellScript = "\"${SRCROOT}/Pods/Target Support Files/Pods-realmProjectTests/Pods-realmProjectTests-resources.sh\"\n";
			showEnvVarsInLog = 0;
		};
		3C60597C170F0DB740BA019C /* [CP] Check Pods Manifest.lock */ = {
			isa = PBXShellScriptBuildPhase;
			buildActionMask = 2147483647;
			files = (
			);
			inputPaths = (
				"${PODS_PODFILE_DIR_PATH}/Podfile.lock",
				"${PODS_ROOT}/Manifest.lock",
			);
			name = "[CP] Check Pods Manifest.lock";
			outputPaths = (
				"$(DERIVED_FILE_DIR)/Pods-realmProject-checkManifestLockResult.txt",
			);
			runOnlyForDeploymentPostprocessing = 0;
			shellPath = /bin/sh;
			shellScript = "diff \"${PODS_PODFILE_DIR_PATH}/Podfile.lock\" \"${PODS_ROOT}/Manifest.lock\" > /dev/null\nif [ $? != 0 ] ; then\n    # print error to STDERR\n    echo \"error: The sandbox is not in sync with the Podfile.lock. Run 'pod install' or update your CocoaPods installation.\" >&2\n    exit 1\nfi\n# This output is used by Xcode 'outputs' to avoid re-running this script phase.\necho \"SUCCESS\" > \"${SCRIPT_OUTPUT_FILE_0}\"\n";
			showEnvVarsInLog = 0;
		};
		4E6BB4AB65343181080B95A3 /* [CP] Check Pods Manifest.lock */ = {
			isa = PBXShellScriptBuildPhase;
			buildActionMask = 2147483647;
			files = (
			);
			inputPaths = (
				"${PODS_PODFILE_DIR_PATH}/Podfile.lock",
				"${PODS_ROOT}/Manifest.lock",
			);
			name = "[CP] Check Pods Manifest.lock";
			outputPaths = (
				"$(DERIVED_FILE_DIR)/Pods-realmProjectTests-checkManifestLockResult.txt",
			);
			runOnlyForDeploymentPostprocessing = 0;
			shellPath = /bin/sh;
			shellScript = "diff \"${PODS_PODFILE_DIR_PATH}/Podfile.lock\" \"${PODS_ROOT}/Manifest.lock\" > /dev/null\nif [ $? != 0 ] ; then\n    # print error to STDERR\n    echo \"error: The sandbox is not in sync with the Podfile.lock. Run 'pod install' or update your CocoaPods installation.\" >&2\n    exit 1\nfi\n# This output is used by Xcode 'outputs' to avoid re-running this script phase.\necho \"SUCCESS\" > \"${SCRIPT_OUTPUT_FILE_0}\"\n";
			showEnvVarsInLog = 0;
		};
		93C94222443CEDD4E2B357DD /* [CP] Embed Pods Frameworks */ = {
			isa = PBXShellScriptBuildPhase;
			buildActionMask = 2147483647;
			files = (
			);
			inputPaths = (
				"${SRCROOT}/Pods/Target Support Files/Pods-realmProject/Pods-realmProject-frameworks.sh",
				"${BUILT_PRODUCTS_DIR}/Realm/Realm.framework",
				"${BUILT_PRODUCTS_DIR}/RealmSwift/RealmSwift.framework",
			);
			name = "[CP] Embed Pods Frameworks";
			outputPaths = (
				"${TARGET_BUILD_DIR}/${FRAMEWORKS_FOLDER_PATH}/Realm.framework",
				"${TARGET_BUILD_DIR}/${FRAMEWORKS_FOLDER_PATH}/RealmSwift.framework",
			);
			runOnlyForDeploymentPostprocessing = 0;
			shellPath = /bin/sh;
			shellScript = "\"${SRCROOT}/Pods/Target Support Files/Pods-realmProject/Pods-realmProject-frameworks.sh\"\n";
			showEnvVarsInLog = 0;
		};
		9F0821F529E3BE9DD01E6720 /* [CP] Copy Pods Resources */ = {
			isa = PBXShellScriptBuildPhase;
			buildActionMask = 2147483647;
			files = (
			);
			inputPaths = (
			);
			name = "[CP] Copy Pods Resources";
			outputPaths = (
			);
			runOnlyForDeploymentPostprocessing = 0;
			shellPath = /bin/sh;
			shellScript = "\"${SRCROOT}/Pods/Target Support Files/Pods-realmProjectUITests/Pods-realmProjectUITests-resources.sh\"\n";
			showEnvVarsInLog = 0;
		};
		A5A5CD59A9BC7A9B38FB98BB /* [CP] Check Pods Manifest.lock */ = {
			isa = PBXShellScriptBuildPhase;
			buildActionMask = 2147483647;
			files = (
			);
			inputPaths = (
				"${PODS_PODFILE_DIR_PATH}/Podfile.lock",
				"${PODS_ROOT}/Manifest.lock",
			);
			name = "[CP] Check Pods Manifest.lock";
			outputPaths = (
				"$(DERIVED_FILE_DIR)/Pods-realmProjectUITests-checkManifestLockResult.txt",
			);
			runOnlyForDeploymentPostprocessing = 0;
			shellPath = /bin/sh;
			shellScript = "diff \"${PODS_PODFILE_DIR_PATH}/Podfile.lock\" \"${PODS_ROOT}/Manifest.lock\" > /dev/null\nif [ $? != 0 ] ; then\n    # print error to STDERR\n    echo \"error: The sandbox is not in sync with the Podfile.lock. Run 'pod install' or update your CocoaPods installation.\" >&2\n    exit 1\nfi\n# This output is used by Xcode 'outputs' to avoid re-running this script phase.\necho \"SUCCESS\" > \"${SCRIPT_OUTPUT_FILE_0}\"\n";
			showEnvVarsInLog = 0;
		};
		B7CF92E86B55EB83571DFD89 /* [CP] Embed Pods Frameworks */ = {
			isa = PBXShellScriptBuildPhase;
			buildActionMask = 2147483647;
			files = (
			);
			inputPaths = (
			);
			name = "[CP] Embed Pods Frameworks";
			outputPaths = (
			);
			runOnlyForDeploymentPostprocessing = 0;
			shellPath = /bin/sh;
			shellScript = "\"${SRCROOT}/Pods/Target Support Files/Pods-realmProjectTests/Pods-realmProjectTests-frameworks.sh\"\n";
			showEnvVarsInLog = 0;
		};
		B7EDC7FE54A6A6558C634FFC /* [CP] Embed Pods Frameworks */ = {
			isa = PBXShellScriptBuildPhase;
			buildActionMask = 2147483647;
			files = (
			);
			inputPaths = (
			);
			name = "[CP] Embed Pods Frameworks";
			outputPaths = (
			);
			runOnlyForDeploymentPostprocessing = 0;
			shellPath = /bin/sh;
			shellScript = "\"${SRCROOT}/Pods/Target Support Files/Pods-realmProjectUITests/Pods-realmProjectUITests-frameworks.sh\"\n";
			showEnvVarsInLog = 0;
		};
		FD179A05974EB8160578FEA3 /* [CP] Copy Pods Resources */ = {
			isa = PBXShellScriptBuildPhase;
			buildActionMask = 2147483647;
			files = (
			);
			inputPaths = (
			);
			name = "[CP] Copy Pods Resources";
			outputPaths = (
			);
			runOnlyForDeploymentPostprocessing = 0;
			shellPath = /bin/sh;
			shellScript = "\"${SRCROOT}/Pods/Target Support Files/Pods-realmProject/Pods-realmProject-resources.sh\"\n";
			showEnvVarsInLog = 0;
		};
/* End PBXShellScriptBuildPhase section */

/* Begin PBXSourcesBuildPhase section */
		AE23BC6B1FCFE4CE00ECAE43 /* Sources */ = {
			isa = PBXSourcesBuildPhase;
			buildActionMask = 2147483647;
			files = (
				AE23BC751FCFE4CE00ECAE43 /* ViewController.swift in Sources */,
				AEF129D01FCFF061000074A0 /* ObjectFile.swift in Sources */,
				AE23BC731FCFE4CE00ECAE43 /* AppDelegate.swift in Sources */,
				AE745C561FD658020002A640 /* WriteViewController.swift in Sources */,
				AE745C531FD656A90002A640 /* RealmTableViewCell.swift in Sources */,
			);
			runOnlyForDeploymentPostprocessing = 0;
		};
		AE23BC7F1FCFE4CF00ECAE43 /* Sources */ = {
			isa = PBXSourcesBuildPhase;
			buildActionMask = 2147483647;
			files = (
				AE23BC881FCFE4CF00ECAE43 /* realmProjectTests.swift in Sources */,
			);
			runOnlyForDeploymentPostprocessing = 0;
		};
		AE23BC8A1FCFE4CF00ECAE43 /* Sources */ = {
			isa = PBXSourcesBuildPhase;
			buildActionMask = 2147483647;
			files = (
				AE23BC931FCFE4CF00ECAE43 /* realmProjectUITests.swift in Sources */,
			);
			runOnlyForDeploymentPostprocessing = 0;
		};
/* End PBXSourcesBuildPhase section */

/* Begin PBXTargetDependency section */
		AE23BC851FCFE4CF00ECAE43 /* PBXTargetDependency */ = {
			isa = PBXTargetDependency;
			target = AE23BC6E1FCFE4CE00ECAE43 /* realmProject */;
			targetProxy = AE23BC841FCFE4CF00ECAE43 /* PBXContainerItemProxy */;
		};
		AE23BC901FCFE4CF00ECAE43 /* PBXTargetDependency */ = {
			isa = PBXTargetDependency;
			target = AE23BC6E1FCFE4CE00ECAE43 /* realmProject */;
			targetProxy = AE23BC8F1FCFE4CF00ECAE43 /* PBXContainerItemProxy */;
		};
/* End PBXTargetDependency section */

/* Begin PBXVariantGroup section */
		AE23BC761FCFE4CE00ECAE43 /* Main.storyboard */ = {
			isa = PBXVariantGroup;
			children = (
				AE23BC771FCFE4CE00ECAE43 /* Base */,
			);
			name = Main.storyboard;
			sourceTree = "<group>";
		};
		AE23BC7B1FCFE4CE00ECAE43 /* LaunchScreen.storyboard */ = {
			isa = PBXVariantGroup;
			children = (
				AE23BC7C1FCFE4CE00ECAE43 /* Base */,
			);
			name = LaunchScreen.storyboard;
			sourceTree = "<group>";
		};
/* End PBXVariantGroup section */

/* Begin XCBuildConfiguration section */
		AE23BC951FCFE4CF00ECAE43 /* Debug */ = {
			isa = XCBuildConfiguration;
			buildSettings = {
				ALWAYS_SEARCH_USER_PATHS = NO;
				CLANG_ANALYZER_NONNULL = YES;
				CLANG_ANALYZER_NUMBER_OBJECT_CONVERSION = YES_AGGRESSIVE;
				CLANG_CXX_LANGUAGE_STANDARD = "gnu++14";
				CLANG_CXX_LIBRARY = "libc++";
				CLANG_ENABLE_MODULES = YES;
				CLANG_ENABLE_OBJC_ARC = YES;
				CLANG_WARN_BLOCK_CAPTURE_AUTORELEASING = YES;
				CLANG_WARN_BOOL_CONVERSION = YES;
				CLANG_WARN_COMMA = YES;
				CLANG_WARN_CONSTANT_CONVERSION = YES;
				CLANG_WARN_DIRECT_OBJC_ISA_USAGE = YES_ERROR;
				CLANG_WARN_DOCUMENTATION_COMMENTS = YES;
				CLANG_WARN_EMPTY_BODY = YES;
				CLANG_WARN_ENUM_CONVERSION = YES;
				CLANG_WARN_INFINITE_RECURSION = YES;
				CLANG_WARN_INT_CONVERSION = YES;
				CLANG_WARN_NON_LITERAL_NULL_CONVERSION = YES;
				CLANG_WARN_OBJC_LITERAL_CONVERSION = YES;
				CLANG_WARN_OBJC_ROOT_CLASS = YES_ERROR;
				CLANG_WARN_RANGE_LOOP_ANALYSIS = YES;
				CLANG_WARN_STRICT_PROTOTYPES = YES;
				CLANG_WARN_SUSPICIOUS_MOVE = YES;
				CLANG_WARN_UNGUARDED_AVAILABILITY = YES_AGGRESSIVE;
				CLANG_WARN_UNREACHABLE_CODE = YES;
				CLANG_WARN__DUPLICATE_METHOD_MATCH = YES;
				CODE_SIGN_IDENTITY = "iPhone Developer";
				COPY_PHASE_STRIP = NO;
				DEBUG_INFORMATION_FORMAT = dwarf;
				ENABLE_STRICT_OBJC_MSGSEND = YES;
				ENABLE_TESTABILITY = YES;
				GCC_C_LANGUAGE_STANDARD = gnu11;
				GCC_DYNAMIC_NO_PIC = NO;
				GCC_NO_COMMON_BLOCKS = YES;
				GCC_OPTIMIZATION_LEVEL = 0;
				GCC_PREPROCESSOR_DEFINITIONS = (
					"DEBUG=1",
					"$(inherited)",
				);
				GCC_WARN_64_TO_32_BIT_CONVERSION = YES;
				GCC_WARN_ABOUT_RETURN_TYPE = YES_ERROR;
				GCC_WARN_UNDECLARED_SELECTOR = YES;
				GCC_WARN_UNINITIALIZED_AUTOS = YES_AGGRESSIVE;
				GCC_WARN_UNUSED_FUNCTION = YES;
				GCC_WARN_UNUSED_VARIABLE = YES;
				IPHONEOS_DEPLOYMENT_TARGET = 11.1;
				MTL_ENABLE_DEBUG_INFO = YES;
				ONLY_ACTIVE_ARCH = YES;
				SDKROOT = iphoneos;
				SWIFT_ACTIVE_COMPILATION_CONDITIONS = DEBUG;
				SWIFT_OPTIMIZATION_LEVEL = "-Onone";
			};
			name = Debug;
		};
		AE23BC961FCFE4CF00ECAE43 /* Release */ = {
			isa = XCBuildConfiguration;
			buildSettings = {
				ALWAYS_SEARCH_USER_PATHS = NO;
				CLANG_ANALYZER_NONNULL = YES;
				CLANG_ANALYZER_NUMBER_OBJECT_CONVERSION = YES_AGGRESSIVE;
				CLANG_CXX_LANGUAGE_STANDARD = "gnu++14";
				CLANG_CXX_LIBRARY = "libc++";
				CLANG_ENABLE_MODULES = YES;
				CLANG_ENABLE_OBJC_ARC = YES;
				CLANG_WARN_BLOCK_CAPTURE_AUTORELEASING = YES;
				CLANG_WARN_BOOL_CONVERSION = YES;
				CLANG_WARN_COMMA = YES;
				CLANG_WARN_CONSTANT_CONVERSION = YES;
				CLANG_WARN_DIRECT_OBJC_ISA_USAGE = YES_ERROR;
				CLANG_WARN_DOCUMENTATION_COMMENTS = YES;
				CLANG_WARN_EMPTY_BODY = YES;
				CLANG_WARN_ENUM_CONVERSION = YES;
				CLANG_WARN_INFINITE_RECURSION = YES;
				CLANG_WARN_INT_CONVERSION = YES;
				CLANG_WARN_NON_LITERAL_NULL_CONVERSION = YES;
				CLANG_WARN_OBJC_LITERAL_CONVERSION = YES;
				CLANG_WARN_OBJC_ROOT_CLASS = YES_ERROR;
				CLANG_WARN_RANGE_LOOP_ANALYSIS = YES;
				CLANG_WARN_STRICT_PROTOTYPES = YES;
				CLANG_WARN_SUSPICIOUS_MOVE = YES;
				CLANG_WARN_UNGUARDED_AVAILABILITY = YES_AGGRESSIVE;
				CLANG_WARN_UNREACHABLE_CODE = YES;
				CLANG_WARN__DUPLICATE_METHOD_MATCH = YES;
				CODE_SIGN_IDENTITY = "iPhone Developer";
				COPY_PHASE_STRIP = NO;
				DEBUG_INFORMATION_FORMAT = "dwarf-with-dsym";
				ENABLE_NS_ASSERTIONS = NO;
				ENABLE_STRICT_OBJC_MSGSEND = YES;
				GCC_C_LANGUAGE_STANDARD = gnu11;
				GCC_NO_COMMON_BLOCKS = YES;
				GCC_WARN_64_TO_32_BIT_CONVERSION = YES;
				GCC_WARN_ABOUT_RETURN_TYPE = YES_ERROR;
				GCC_WARN_UNDECLARED_SELECTOR = YES;
				GCC_WARN_UNINITIALIZED_AUTOS = YES_AGGRESSIVE;
				GCC_WARN_UNUSED_FUNCTION = YES;
				GCC_WARN_UNUSED_VARIABLE = YES;
				IPHONEOS_DEPLOYMENT_TARGET = 11.1;
				MTL_ENABLE_DEBUG_INFO = NO;
				SDKROOT = iphoneos;
				SWIFT_OPTIMIZATION_LEVEL = "-Owholemodule";
				VALIDATE_PRODUCT = YES;
			};
			name = Release;
		};
		AE23BC981FCFE4CF00ECAE43 /* Debug */ = {
			isa = XCBuildConfiguration;
			baseConfigurationReference = 5C27AFEDEE4855841F1380E3 /* Pods-realmProject.debug.xcconfig */;
			buildSettings = {
				ASSETCATALOG_COMPILER_APPICON_NAME = AppIcon;
				CODE_SIGN_STYLE = Automatic;
				INFOPLIST_FILE = realmProject/Info.plist;
				LD_RUNPATH_SEARCH_PATHS = "$(inherited) @executable_path/Frameworks";
				PRODUCT_BUNDLE_IDENTIFIER = khaki.realmProject;
				PRODUCT_NAME = "$(TARGET_NAME)";
				SWIFT_VERSION = 4.0;
				TARGETED_DEVICE_FAMILY = "1,2";
			};
			name = Debug;
		};
		AE23BC991FCFE4CF00ECAE43 /* Release */ = {
			isa = XCBuildConfiguration;
			baseConfigurationReference = B10FF2048CC16D2AB797FDF5 /* Pods-realmProject.release.xcconfig */;
			buildSettings = {
				ASSETCATALOG_COMPILER_APPICON_NAME = AppIcon;
				CODE_SIGN_STYLE = Automatic;
				INFOPLIST_FILE = realmProject/Info.plist;
				LD_RUNPATH_SEARCH_PATHS = "$(inherited) @executable_path/Frameworks";
				PRODUCT_BUNDLE_IDENTIFIER = khaki.realmProject;
				PRODUCT_NAME = "$(TARGET_NAME)";
				SWIFT_VERSION = 4.0;
				TARGETED_DEVICE_FAMILY = "1,2";
			};
			name = Release;
		};
		AE23BC9B1FCFE4CF00ECAE43 /* Debug */ = {
			isa = XCBuildConfiguration;
			baseConfigurationReference = 8F97AA4145894460F84A5452 /* Pods-realmProjectTests.debug.xcconfig */;
			buildSettings = {
				ALWAYS_EMBED_SWIFT_STANDARD_LIBRARIES = YES;
				BUNDLE_LOADER = "$(TEST_HOST)";
				CODE_SIGN_STYLE = Automatic;
				INFOPLIST_FILE = realmProjectTests/Info.plist;
				LD_RUNPATH_SEARCH_PATHS = "$(inherited) @executable_path/Frameworks @loader_path/Frameworks";
				PRODUCT_BUNDLE_IDENTIFIER = khaki.realmProjectTests;
				PRODUCT_NAME = "$(TARGET_NAME)";
				SWIFT_VERSION = 4.0;
				TARGETED_DEVICE_FAMILY = "1,2";
				TEST_HOST = "$(BUILT_PRODUCTS_DIR)/realmProject.app/realmProject";
			};
			name = Debug;
		};
		AE23BC9C1FCFE4CF00ECAE43 /* Release */ = {
			isa = XCBuildConfiguration;
			baseConfigurationReference = 8C5391292876B33E6F80E69C /* Pods-realmProjectTests.release.xcconfig */;
			buildSettings = {
				ALWAYS_EMBED_SWIFT_STANDARD_LIBRARIES = YES;
				BUNDLE_LOADER = "$(TEST_HOST)";
				CODE_SIGN_STYLE = Automatic;
				INFOPLIST_FILE = realmProjectTests/Info.plist;
				LD_RUNPATH_SEARCH_PATHS = "$(inherited) @executable_path/Frameworks @loader_path/Frameworks";
				PRODUCT_BUNDLE_IDENTIFIER = khaki.realmProjectTests;
				PRODUCT_NAME = "$(TARGET_NAME)";
				SWIFT_VERSION = 4.0;
				TARGETED_DEVICE_FAMILY = "1,2";
				TEST_HOST = "$(BUILT_PRODUCTS_DIR)/realmProject.app/realmProject";
			};
			name = Release;
		};
		AE23BC9E1FCFE4CF00ECAE43 /* Debug */ = {
			isa = XCBuildConfiguration;
			baseConfigurationReference = A42AFABB1B9CC6F6DECC403C /* Pods-realmProjectUITests.debug.xcconfig */;
			buildSettings = {
				ALWAYS_EMBED_SWIFT_STANDARD_LIBRARIES = YES;
				CODE_SIGN_STYLE = Automatic;
				INFOPLIST_FILE = realmProjectUITests/Info.plist;
				LD_RUNPATH_SEARCH_PATHS = "$(inherited) @executable_path/Frameworks @loader_path/Frameworks";
				PRODUCT_BUNDLE_IDENTIFIER = khaki.realmProjectUITests;
				PRODUCT_NAME = "$(TARGET_NAME)";
				SWIFT_VERSION = 4.0;
				TARGETED_DEVICE_FAMILY = "1,2";
				TEST_TARGET_NAME = realmProject;
			};
			name = Debug;
		};
		AE23BC9F1FCFE4CF00ECAE43 /* Release */ = {
			isa = XCBuildConfiguration;
			baseConfigurationReference = 33CDBEA2C3C117C0047227EB /* Pods-realmProjectUITests.release.xcconfig */;
			buildSettings = {
				ALWAYS_EMBED_SWIFT_STANDARD_LIBRARIES = YES;
				CODE_SIGN_STYLE = Automatic;
				INFOPLIST_FILE = realmProjectUITests/Info.plist;
				LD_RUNPATH_SEARCH_PATHS = "$(inherited) @executable_path/Frameworks @loader_path/Frameworks";
				PRODUCT_BUNDLE_IDENTIFIER = khaki.realmProjectUITests;
				PRODUCT_NAME = "$(TARGET_NAME)";
				SWIFT_VERSION = 4.0;
				TARGETED_DEVICE_FAMILY = "1,2";
				TEST_TARGET_NAME = realmProject;
			};
			name = Release;
		};
/* End XCBuildConfiguration section */

/* Begin XCConfigurationList section */
		AE23BC6A1FCFE4CE00ECAE43 /* Build configuration list for PBXProject "realmProject" */ = {
			isa = XCConfigurationList;
			buildConfigurations = (
				AE23BC951FCFE4CF00ECAE43 /* Debug */,
				AE23BC961FCFE4CF00ECAE43 /* Release */,
			);
			defaultConfigurationIsVisible = 0;
			defaultConfigurationName = Release;
		};
		AE23BC971FCFE4CF00ECAE43 /* Build configuration list for PBXNativeTarget "realmProject" */ = {
			isa = XCConfigurationList;
			buildConfigurations = (
				AE23BC981FCFE4CF00ECAE43 /* Debug */,
				AE23BC991FCFE4CF00ECAE43 /* Release */,
			);
			defaultConfigurationIsVisible = 0;
			defaultConfigurationName = Release;
		};
		AE23BC9A1FCFE4CF00ECAE43 /* Build configuration list for PBXNativeTarget "realmProjectTests" */ = {
			isa = XCConfigurationList;
			buildConfigurations = (
				AE23BC9B1FCFE4CF00ECAE43 /* Debug */,
				AE23BC9C1FCFE4CF00ECAE43 /* Release */,
			);
			defaultConfigurationIsVisible = 0;
			defaultConfigurationName = Release;
		};
		AE23BC9D1FCFE4CF00ECAE43 /* Build configuration list for PBXNativeTarget "realmProjectUITests" */ = {
			isa = XCConfigurationList;
			buildConfigurations = (
				AE23BC9E1FCFE4CF00ECAE43 /* Debug */,
				AE23BC9F1FCFE4CF00ECAE43 /* Release */,
			);
			defaultConfigurationIsVisible = 0;
			defaultConfigurationName = Release;
		};
/* End XCConfigurationList section */
	};
	rootObject = AE23BC671FCFE4CE00ECAE43 /* Project object */;
}
